
Microsoft Visual Studio Solution File, Format Version 12.00
# Visual Studio Version 17
VisualStudioVersion = 17.9.34728.123
MinimumVisualStudioVersion = 10.0.40219.1
Project("{9A19103F-16F7-4668-BE54-9A1E7A4F7556}") = "forGithubActionsTest", "forGithubActionsTest\forGithubActionsTest.csproj", "{D574E0DF-13E5-46A9-B39D-8264DE5184C7}"
EndProject
Project("{9A19103F-16F7-4668-BE54-9A1E7A4F7556}") = "forGithubActionsTest.Tests", "forGithubActionsTest.Tests\forGithubActionsTest.Tests.csproj", "{136F4607-9358-458E-97F0-2BE07A6322F0}"
EndProject
Global
	GlobalSection(SolutionConfigurationPlatforms) = preSolution
		Debug|Any CPU = Debug|Any CPU
		Release|Any CPU = Release|Any CPU
	EndGlobalSection
	GlobalSection(ProjectConfigurationPlatforms) = postSolution
		{D574E0DF-13E5-46A9-B39D-8264DE5184C7}.Debug|Any CPU.ActiveCfg = Debug|Any CPU
		{D574E0DF-13E5-46A9-B39D-8264DE5184C7}.Debug|Any CPU.Build.0 = Debug|Any CPU
		{D574E0DF-13E5-46A9-B39D-8264DE5184C7}.Release|Any CPU.ActiveCfg = Release|Any CPU
		{D574E0DF-13E5-46A9-B39D-8264DE5184C7}.Release|Any CPU.Build.0 = Release|Any CPU
		{136F4607-9358-458E-97F0-2BE07A6322F0}.Debug|Any CPU.ActiveCfg = Debug|Any CPU
		{136F4607-9358-458E-97F0-2BE07A6322F0}.Debug|Any CPU.Build.0 = Debug|Any CPU
		{136F4607-9358-458E-97F0-2BE07A6322F0}.Release|Any CPU.ActiveCfg = Release|Any CPU
		{136F4607-9358-458E-97F0-2BE07A6322F0}.Release|Any CPU.Build.0 = Release|Any CPU
	EndGlobalSection
	GlobalSection(SolutionProperties) = preSolution
		HideSolutionNode = FALSE
	EndGlobalSection
	GlobalSection(ExtensibilityGlobals) = postSolution
		SolutionGuid = {DF212054-167F-4FF6-B13B-84C03485B421}
	EndGlobalSection
EndGlobal
